
Microsoft Visual Studio Solution File, Format Version 12.00
# Visual Studio Version 17
VisualStudioVersion = 17.7.34221.43
MinimumVisualStudioVersion = 10.0.40219.1
Project("{9A19103F-16F7-4668-BE54-9A1E7A4F7556}") = "SistemaInventarioV6", "SistemaInventarioV6\SistemaInventarioV6.csproj", "{82520B40-17B0-44E6-9273-3B9A2DC6B879}"
EndProject
Project("{FAE04EC0-301F-11D3-BF4B-00C04F79EFBC}") = "SistemaInventario.AccesoDatos", "SistemaInventario.AccesoDatos\SistemaInventario.AccesoDatos.csproj", "{48C547E9-23DF-40ED-B621-2983CC523E88}"
EndProject
Project("{FAE04EC0-301F-11D3-BF4B-00C04F79EFBC}") = "SistemaInventario.Modelo", "SistemaInventario.Modelo\SistemaInventario.Modelo.csproj", "{3B7448FF-612B-4EAD-A926-870B579520AD}"
EndProject
Project("{FAE04EC0-301F-11D3-BF4B-00C04F79EFBC}") = "SistemaInventario.Utilidades", "SistemaInventario.Utilidades\SistemaInventario.Utilidades.csproj", "{F6A5B92A-5CA6-4D01-A708-44A67227B480}"
EndProject
Global
	GlobalSection(SolutionConfigurationPlatforms) = preSolution
		Debug|Any CPU = Debug|Any CPU
		Release|Any CPU = Release|Any CPU
	EndGlobalSection
	GlobalSection(ProjectConfigurationPlatforms) = postSolution
		{82520B40-17B0-44E6-9273-3B9A2DC6B879}.Debug|Any CPU.ActiveCfg = Debug|Any CPU
		{82520B40-17B0-44E6-9273-3B9A2DC6B879}.Debug|Any CPU.Build.0 = Debug|Any CPU
		{82520B40-17B0-44E6-9273-3B9A2DC6B879}.Release|Any CPU.ActiveCfg = Release|Any CPU
		{82520B40-17B0-44E6-9273-3B9A2DC6B879}.Release|Any CPU.Build.0 = Release|Any CPU
		{48C547E9-23DF-40ED-B621-2983CC523E88}.Debug|Any CPU.ActiveCfg = Debug|Any CPU
		{48C547E9-23DF-40ED-B621-2983CC523E88}.Debug|Any CPU.Build.0 = Debug|Any CPU
		{48C547E9-23DF-40ED-B621-2983CC523E88}.Release|Any CPU.ActiveCfg = Release|Any CPU
		{48C547E9-23DF-40ED-B621-2983CC523E88}.Release|Any CPU.Build.0 = Release|Any CPU
		{3B7448FF-612B-4EAD-A926-870B579520AD}.Debug|Any CPU.ActiveCfg = Debug|Any CPU
		{3B7448FF-612B-4EAD-A926-870B579520AD}.Debug|Any CPU.Build.0 = Debug|Any CPU
		{3B7448FF-612B-4EAD-A926-870B579520AD}.Release|Any CPU.ActiveCfg = Release|Any CPU
		{3B7448FF-612B-4EAD-A926-870B579520AD}.Release|Any CPU.Build.0 = Release|Any CPU
		{F6A5B92A-5CA6-4D01-A708-44A67227B480}.Debug|Any CPU.ActiveCfg = Debug|Any CPU
		{F6A5B92A-5CA6-4D01-A708-44A67227B480}.Debug|Any CPU.Build.0 = Debug|Any CPU
		{F6A5B92A-5CA6-4D01-A708-44A67227B480}.Release|Any CPU.ActiveCfg = Release|Any CPU
		{F6A5B92A-5CA6-4D01-A708-44A67227B480}.Release|Any CPU.Build.0 = Release|Any CPU
	EndGlobalSection
	GlobalSection(SolutionProperties) = preSolution
		HideSolutionNode = FALSE
	EndGlobalSection
	GlobalSection(ExtensibilityGlobals) = postSolution
		SolutionGuid = {9CA2F9A7-04B6-47ED-A437-E9FAD2C67D76}
	EndGlobalSection
EndGlobal
